dependencies:
- name: postgresql
  repository: https://charts.bitnami.com/bitnami
  version: 16.4.5
- name: postgresql-ha
  repository: https://charts.bitnami.com/bitnami
  version: 9.4.11
- name: redis
  repository: https://charts.bitnami.com/bitnami
  version: 20.6.3
digest: sha256:c62b7cf816e21be866f9882fde3e3702601e7a3e341e3545e3b691c7587ec368
generated: "2025-01-21T22:27:38.172924489Z"
